// !$*UTF8*$!
{
	archiveVersion = 1;
	classes = {
	};
	objectVersion = 55;
	objects = {

/* Begin PBXBuildFile section */
		A024F6C627928E7D00082E62 /* AppDelegate.swift in Sources */ = {isa = PBXBuildFile; fileRef = A024F6C527928E7D00082E62 /* AppDelegate.swift */; };
		A024F6C827928E7D00082E62 /* SceneDelegate.swift in Sources */ = {isa = PBXBuildFile; fileRef = A024F6C727928E7D00082E62 /* SceneDelegate.swift */; };
		A024F6CA27928E7D00082E62 /* ViewController.swift in Sources */ = {isa = PBXBuildFile; fileRef = A024F6C927928E7D00082E62 /* ViewController.swift */; };
		A024F6CD27928E7D00082E62 /* Main.storyboard in Resources */ = {isa = PBXBuildFile; fileRef = A024F6CB27928E7D00082E62 /* Main.storyboard */; };
		A024F6CF27928E8000082E62 /* Assets.xcassets in Resources */ = {isa = PBXBuildFile; fileRef = A024F6CE27928E8000082E62 /* Assets.xcassets */; };
		A024F6D227928E8100082E62 /* LaunchScreen.storyboard in Resources */ = {isa = PBXBuildFile; fileRef = A024F6D027928E8000082E62 /* LaunchScreen.storyboard */; };
		A024F6DD27928E8100082E62 /* Locus_s_WeatherTests.swift in Sources */ = {isa = PBXBuildFile; fileRef = A024F6DC27928E8100082E62 /* Locus_s_WeatherTests.swift */; };
		A024F6E727928E8100082E62 /* Locus_s_WeatherUITests.swift in Sources */ = {isa = PBXBuildFile; fileRef = A024F6E627928E8100082E62 /* Locus_s_WeatherUITests.swift */; };
		A024F6E927928E8100082E62 /* Locus_s_WeatherUITestsLaunchTests.swift in Sources */ = {isa = PBXBuildFile; fileRef = A024F6E827928E8100082E62 /* Locus_s_WeatherUITestsLaunchTests.swift */; };
/* End PBXBuildFile section */

/* Begin PBXContainerItemProxy section */
		A024F6D927928E8100082E62 /* PBXContainerItemProxy */ = {
			isa = PBXContainerItemProxy;
			containerPortal = A024F6BA27928E7D00082E62 /* Project object */;
			proxyType = 1;
			remoteGlobalIDString = A024F6C127928E7D00082E62;
			remoteInfo = "Locus's Weather";
		};
		A024F6E327928E8100082E62 /* PBXContainerItemProxy */ = {
			isa = PBXContainerItemProxy;
			containerPortal = A024F6BA27928E7D00082E62 /* Project object */;
			proxyType = 1;
			remoteGlobalIDString = A024F6C127928E7D00082E62;
			remoteInfo = "Locus's Weather";
		};
/* End PBXContainerItemProxy section */

/* Begin PBXFileReference section */
		A024F6C227928E7D00082E62 /* Locus's Weather.app */ = {isa = PBXFileReference; explicitFileType = wrapper.application; includeInIndex = 0; path = "Locus's Weather.app"; sourceTree = BUILT_PRODUCTS_DIR; };
		A024F6C527928E7D00082E62 /* AppDelegate.swift */ = {isa = PBXFileReference; lastKnownFileType = sourcecode.swift; path = AppDelegate.swift; sourceTree = "<group>"; };
		A024F6C727928E7D00082E62 /* SceneDelegate.swift */ = {isa = PBXFileReference; lastKnownFileType = sourcecode.swift; path = SceneDelegate.swift; sourceTree = "<group>"; };
		A024F6C927928E7D00082E62 /* ViewController.swift */ = {isa = PBXFileReference; lastKnownFileType = sourcecode.swift; path = ViewController.swift; sourceTree = "<group>"; };
		A024F6CC27928E7D00082E62 /* Base */ = {isa = PBXFileReference; lastKnownFileType = file.storyboard; name = Base; path = Base.lproj/Main.storyboard; sourceTree = "<group>"; };
		A024F6CE27928E8000082E62 /* Assets.xcassets */ = {isa = PBXFileReference; lastKnownFileType = folder.assetcatalog; path = Assets.xcassets; sourceTree = "<group>"; };
		A024F6D127928E8100082E62 /* Base */ = {isa = PBXFileReference; lastKnownFileType = file.storyboard; name = Base; path = Base.lproj/LaunchScreen.storyboard; sourceTree = "<group>"; };
		A024F6D327928E8100082E62 /* Info.plist */ = {isa = PBXFileReference; lastKnownFileType = text.plist.xml; path = Info.plist; sourceTree = "<group>"; };
		A024F6D827928E8100082E62 /* Locus's WeatherTests.xctest */ = {isa = PBXFileReference; explicitFileType = wrapper.cfbundle; includeInIndex = 0; path = "Locus's WeatherTests.xctest"; sourceTree = BUILT_PRODUCTS_DIR; };
		A024F6DC27928E8100082E62 /* Locus_s_WeatherTests.swift */ = {isa = PBXFileReference; lastKnownFileType = sourcecode.swift; path = Locus_s_WeatherTests.swift; sourceTree = "<group>"; };
		A024F6E227928E8100082E62 /* Locus's WeatherUITests.xctest */ = {isa = PBXFileReference; explicitFileType = wrapper.cfbundle; includeInIndex = 0; path = "Locus's WeatherUITests.xctest"; sourceTree = BUILT_PRODUCTS_DIR; };
		A024F6E627928E8100082E62 /* Locus_s_WeatherUITests.swift */ = {isa = PBXFileReference; lastKnownFileType = sourcecode.swift; path = Locus_s_WeatherUITests.swift; sourceTree = "<group>"; };
		A024F6E827928E8100082E62 /* Locus_s_WeatherUITestsLaunchTests.swift */ = {isa = PBXFileReference; lastKnownFileType = sourcecode.swift; path = Locus_s_WeatherUITestsLaunchTests.swift; sourceTree = "<group>"; };
/* End PBXFileReference section */

/* Begin PBXFrameworksBuildPhase section */
		A024F6BF27928E7D00082E62 /* Frameworks */ = {
			isa = PBXFrameworksBuildPhase;
			buildActionMask = 2147483647;
			files = (
			);
			runOnlyForDeploymentPostprocessing = 0;
		};
		A024F6D527928E8100082E62 /* Frameworks */ = {
			isa = PBXFrameworksBuildPhase;
			buildActionMask = 2147483647;
			files = (
			);
			runOnlyForDeploymentPostprocessing = 0;
		};
		A024F6DF27928E8100082E62 /* Frameworks */ = {
			isa = PBXFrameworksBuildPhase;
			buildActionMask = 2147483647;
			files = (
			);
			runOnlyForDeploymentPostprocessing = 0;
		};
/* End PBXFrameworksBuildPhase section */

/* Begin PBXGroup section */
		A024F6B927928E7D00082E62 = {
			isa = PBXGroup;
			children = (
				A024F6C427928E7D00082E62 /* Locus's Weather */,
				A024F6DB27928E8100082E62 /* Locus's WeatherTests */,
				A024F6E527928E8100082E62 /* Locus's WeatherUITests */,
				A024F6C327928E7D00082E62 /* Products */,
			);
			sourceTree = "<group>";
		};
		A024F6C327928E7D00082E62 /* Products */ = {
			isa = PBXGroup;
			children = (
				A024F6C227928E7D00082E62 /* Locus's Weather.app */,
				A024F6D827928E8100082E62 /* Locus's WeatherTests.xctest */,
				A024F6E227928E8100082E62 /* Locus's WeatherUITests.xctest */,
			);
			name = Products;
			sourceTree = "<group>";
		};
		A024F6C427928E7D00082E62 /* Locus's Weather */ = {
			isa = PBXGroup;
			children = (
				A024F6C527928E7D00082E62 /* AppDelegate.swift */,
				A024F6C727928E7D00082E62 /* SceneDelegate.swift */,
				A024F6C927928E7D00082E62 /* ViewController.swift */,
				A024F6CB27928E7D00082E62 /* Main.storyboard */,
				A024F6CE27928E8000082E62 /* Assets.xcassets */,
				A024F6D027928E8000082E62 /* LaunchScreen.storyboard */,
				A024F6D327928E8100082E62 /* Info.plist */,
			);
			path = "Locus's Weather";
			sourceTree = "<group>";
		};
		A024F6DB27928E8100082E62 /* Locus's WeatherTests */ = {
			isa = PBXGroup;
			children = (
				A024F6DC27928E8100082E62 /* Locus_s_WeatherTests.swift */,
			);
			path = "Locus's WeatherTests";
			sourceTree = "<group>";
		};
		A024F6E527928E8100082E62 /* Locus's WeatherUITests */ = {
			isa = PBXGroup;
			children = (
				A024F6E627928E8100082E62 /* Locus_s_WeatherUITests.swift */,
				A024F6E827928E8100082E62 /* Locus_s_WeatherUITestsLaunchTests.swift */,
			);
			path = "Locus's WeatherUITests";
			sourceTree = "<group>";
		};
/* End PBXGroup section */

/* Begin PBXNativeTarget section */
		A024F6C127928E7D00082E62 /* Locus's Weather */ = {
			isa = PBXNativeTarget;
			buildConfigurationList = A024F6EC27928E8100082E62 /* Build configuration list for PBXNativeTarget "Locus's Weather" */;
			buildPhases = (
				A024F6BE27928E7D00082E62 /* Sources */,
				A024F6BF27928E7D00082E62 /* Frameworks */,
				A024F6C027928E7D00082E62 /* Resources */,
			);
			buildRules = (
			);
			dependencies = (
			);
			name = "Locus's Weather";
			productName = "Locus's Weather";
			productReference = A024F6C227928E7D00082E62 /* Locus's Weather.app */;
			productType = "com.apple.product-type.application";
		};
		A024F6D727928E8100082E62 /* Locus's WeatherTests */ = {
			isa = PBXNativeTarget;
			buildConfigurationList = A024F6EF27928E8100082E62 /* Build configuration list for PBXNativeTarget "Locus's WeatherTests" */;
			buildPhases = (
				A024F6D427928E8100082E62 /* Sources */,
				A024F6D527928E8100082E62 /* Frameworks */,
				A024F6D627928E8100082E62 /* Resources */,
			);
			buildRules = (
			);
			dependencies = (
				A024F6DA27928E8100082E62 /* PBXTargetDependency */,
			);
			name = "Locus's WeatherTests";
			productName = "Locus's WeatherTests";
			productReference = A024F6D827928E8100082E62 /* Locus's WeatherTests.xctest */;
			productType = "com.apple.product-type.bundle.unit-test";
		};
		A024F6E127928E8100082E62 /* Locus's WeatherUITests */ = {
			isa = PBXNativeTarget;
			buildConfigurationList = A024F6F227928E8100082E62 /* Build configuration list for PBXNativeTarget "Locus's WeatherUITests" */;
			buildPhases = (
				A024F6DE27928E8100082E62 /* Sources */,
				A024F6DF27928E8100082E62 /* Frameworks */,
				A024F6E027928E8100082E62 /* Resources */,
			);
			buildRules = (
			);
			dependencies = (
				A024F6E427928E8100082E62 /* PBXTargetDependency */,
			);
			name = "Locus's WeatherUITests";
			productName = "Locus's WeatherUITests";
			productReference = A024F6E227928E8100082E62 /* Locus's WeatherUITests.xctest */;
			productType = "com.apple.product-type.bundle.ui-testing";
		};
/* End PBXNativeTarget section */

/* Begin PBXProject section */
		A024F6BA27928E7D00082E62 /* Project object */ = {
			isa = PBXProject;
			attributes = {
				BuildIndependentTargetsInParallel = 1;
				LastSwiftUpdateCheck = 1300;
				LastUpgradeCheck = 1300;
				TargetAttributes = {
					A024F6C127928E7D00082E62 = {
						CreatedOnToolsVersion = 13.0;
					};
					A024F6D727928E8100082E62 = {
						CreatedOnToolsVersion = 13.0;
						TestTargetID = A024F6C127928E7D00082E62;
					};
					A024F6E127928E8100082E62 = {
						CreatedOnToolsVersion = 13.0;
						TestTargetID = A024F6C127928E7D00082E62;
					};
				};
			};
			buildConfigurationList = A024F6BD27928E7D00082E62 /* Build configuration list for PBXProject "Locus's Weather" */;
			compatibilityVersion = "Xcode 13.0";
			developmentRegion = en;
			hasScannedForEncodings = 0;
			knownRegions = (
				en,
				Base,
			);
			mainGroup = A024F6B927928E7D00082E62;
			productRefGroup = A024F6C327928E7D00082E62 /* Products */;
			projectDirPath = "";
			projectRoot = "";
			targets = (
				A024F6C127928E7D00082E62 /* Locus's Weather */,
				A024F6D727928E8100082E62 /* Locus's WeatherTests */,
				A024F6E127928E8100082E62 /* Locus's WeatherUITests */,
			);
		};
/* End PBXProject section */

/* Begin PBXResourcesBuildPhase section */
		A024F6C027928E7D00082E62 /* Resources */ = {
			isa = PBXResourcesBuildPhase;
			buildActionMask = 2147483647;
			files = (
				A024F6D227928E8100082E62 /* LaunchScreen.storyboard in Resources */,
				A024F6CF27928E8000082E62 /* Assets.xcassets in Resources */,
				A024F6CD27928E7D00082E62 /* Main.storyboard in Resources */,
			);
			runOnlyForDeploymentPostprocessing = 0;
		};
		A024F6D627928E8100082E62 /* Resources */ = {
			isa = PBXResourcesBuildPhase;
			buildActionMask = 2147483647;
			files = (
			);
			runOnlyForDeploymentPostprocessing = 0;
		};
		A024F6E027928E8100082E62 /* Resources */ = {
			isa = PBXResourcesBuildPhase;
			buildActionMask = 2147483647;
			files = (
			);
			runOnlyForDeploymentPostprocessing = 0;
		};
/* End PBXResourcesBuildPhase section */

/* Begin PBXSourcesBuildPhase section */
		A024F6BE27928E7D00082E62 /* Sources */ = {
			isa = PBXSourcesBuildPhase;
			buildActionMask = 2147483647;
			files = (
				A024F6CA27928E7D00082E62 /* ViewController.swift in Sources */,
				A024F6C627928E7D00082E62 /* AppDelegate.swift in Sources */,
				A024F6C827928E7D00082E62 /* SceneDelegate.swift in Sources */,
			);
			runOnlyForDeploymentPostprocessing = 0;
		};
		A024F6D427928E8100082E62 /* Sources */ = {
			isa = PBXSourcesBuildPhase;
			buildActionMask = 2147483647;
			files = (
				A024F6DD27928E8100082E62 /* Locus_s_WeatherTests.swift in Sources */,
			);
			runOnlyForDeploymentPostprocessing = 0;
		};
		A024F6DE27928E8100082E62 /* Sources */ = {
			isa = PBXSourcesBuildPhase;
			buildActionMask = 2147483647;
			files = (
				A024F6E927928E8100082E62 /* Locus_s_WeatherUITestsLaunchTests.swift in Sources */,
				A024F6E727928E8100082E62 /* Locus_s_WeatherUITests.swift in Sources */,
			);
			runOnlyForDeploymentPostprocessing = 0;
		};
/* End PBXSourcesBuildPhase section */

/* Begin PBXTargetDependency section */
		A024F6DA27928E8100082E62 /* PBXTargetDependency */ = {
			isa = PBXTargetDependency;
			target = A024F6C127928E7D00082E62 /* Locus's Weather */;
			targetProxy = A024F6D927928E8100082E62 /* PBXContainerItemProxy */;
		};
		A024F6E427928E8100082E62 /* PBXTargetDependency */ = {
			isa = PBXTargetDependency;
			target = A024F6C127928E7D00082E62 /* Locus's Weather */;
			targetProxy = A024F6E327928E8100082E62 /* PBXContainerItemProxy */;
		};
/* End PBXTargetDependency section */

/* Begin PBXVariantGroup section */
		A024F6CB27928E7D00082E62 /* Main.storyboard */ = {
			isa = PBXVariantGroup;
			children = (
				A024F6CC27928E7D00082E62 /* Base */,
			);
			name = Main.storyboard;
			sourceTree = "<group>";
		};
		A024F6D027928E8000082E62 /* LaunchScreen.storyboard */ = {
			isa = PBXVariantGroup;
			children = (
				A024F6D127928E8100082E62 /* Base */,
			);
			name = LaunchScreen.storyboard;
			sourceTree = "<group>";
		};
/* End PBXVariantGroup section */

/* Begin XCBuildConfiguration section */
		A024F6EA27928E8100082E62 /* Debug */ = {
			isa = XCBuildConfiguration;
			buildSettings = {
				ALWAYS_SEARCH_USER_PATHS = NO;
				CLANG_ANALYZER_NONNULL = YES;
				CLANG_ANALYZER_NUMBER_OBJECT_CONVERSION = YES_AGGRESSIVE;
				CLANG_CXX_LANGUAGE_STANDARD = "gnu++17";
				CLANG_CXX_LIBRARY = "libc++";
				CLANG_ENABLE_MODULES = YES;
				CLANG_ENABLE_OBJC_ARC = YES;
				CLANG_ENABLE_OBJC_WEAK = YES;
				CLANG_WARN_BLOCK_CAPTURE_AUTORELEASING = YES;
				CLANG_WARN_BOOL_CONVERSION = YES;
				CLANG_WARN_COMMA = YES;
				CLANG_WARN_CONSTANT_CONVERSION = YES;
				CLANG_WARN_DEPRECATED_OBJC_IMPLEMENTATIONS = YES;
				CLANG_WARN_DIRECT_OBJC_ISA_USAGE = YES_ERROR;
				CLANG_WARN_DOCUMENTATION_COMMENTS = YES;
				CLANG_WARN_EMPTY_BODY = YES;
				CLANG_WARN_ENUM_CONVERSION = YES;
				CLANG_WARN_INFINITE_RECURSION = YES;
				CLANG_WARN_INT_CONVERSION = YES;
				CLANG_WARN_NON_LITERAL_NULL_CONVERSION = YES;
				CLANG_WARN_OBJC_IMPLICIT_RETAIN_SELF = YES;
				CLANG_WARN_OBJC_LITERAL_CONVERSION = YES;
				CLANG_WARN_OBJC_ROOT_CLASS = YES_ERROR;
				CLANG_WARN_QUOTED_INCLUDE_IN_FRAMEWORK_HEADER = YES;
				CLANG_WARN_RANGE_LOOP_ANALYSIS = YES;
				CLANG_WARN_STRICT_PROTOTYPES = YES;
				CLANG_WARN_SUSPICIOUS_MOVE = YES;
				CLANG_WARN_UNGUARDED_AVAILABILITY = YES_AGGRESSIVE;
				CLANG_WARN_UNREACHABLE_CODE = YES;
				CLANG_WARN__DUPLICATE_METHOD_MATCH = YES;
				COPY_PHASE_STRIP = NO;
				DEBUG_INFORMATION_FORMAT = dwarf;
				ENABLE_STRICT_OBJC_MSGSEND = YES;
				ENABLE_TESTABILITY = YES;
				GCC_C_LANGUAGE_STANDARD = gnu11;
				GCC_DYNAMIC_NO_PIC = NO;
				GCC_NO_COMMON_BLOCKS = YES;
				GCC_OPTIMIZATION_LEVEL = 0;
				GCC_PREPROCESSOR_DEFINITIONS = (
					"DEBUG=1",
					"$(inherited)",
				);
				GCC_WARN_64_TO_32_BIT_CONVERSION = YES;
				GCC_WARN_ABOUT_RETURN_TYPE = YES_ERROR;
				GCC_WARN_UNDECLARED_SELECTOR = YES;
				GCC_WARN_UNINITIALIZED_AUTOS = YES_AGGRESSIVE;
				GCC_WARN_UNUSED_FUNCTION = YES;
				GCC_WARN_UNUSED_VARIABLE = YES;
				IPHONEOS_DEPLOYMENT_TARGET = 15.0;
				MTL_ENABLE_DEBUG_INFO = INCLUDE_SOURCE;
				MTL_FAST_MATH = YES;
				ONLY_ACTIVE_ARCH = YES;
				SDKROOT = iphoneos;
				SWIFT_ACTIVE_COMPILATION_CONDITIONS = DEBUG;
				SWIFT_OPTIMIZATION_LEVEL = "-Onone";
			};
			name = Debug;
		};
		A024F6EB27928E8100082E62 /* Release */ = {
			isa = XCBuildConfiguration;
			buildSettings = {
				ALWAYS_SEARCH_USER_PATHS = NO;
				CLANG_ANALYZER_NONNULL = YES;
				CLANG_ANALYZER_NUMBER_OBJECT_CONVERSION = YES_AGGRESSIVE;
				CLANG_CXX_LANGUAGE_STANDARD = "gnu++17";
				CLANG_CXX_LIBRARY = "libc++";
				CLANG_ENABLE_MODULES = YES;
				CLANG_ENABLE_OBJC_ARC = YES;
				CLANG_ENABLE_OBJC_WEAK = YES;
				CLANG_WARN_BLOCK_CAPTURE_AUTORELEASING = YES;
				CLANG_WARN_BOOL_CONVERSION = YES;
				CLANG_WARN_COMMA = YES;
				CLANG_WARN_CONSTANT_CONVERSION = YES;
				CLANG_WARN_DEPRECATED_OBJC_IMPLEMENTATIONS = YES;
				CLANG_WARN_DIRECT_OBJC_ISA_USAGE = YES_ERROR;
				CLANG_WARN_DOCUMENTATION_COMMENTS = YES;
				CLANG_WARN_EMPTY_BODY = YES;
				CLANG_WARN_ENUM_CONVERSION = YES;
				CLANG_WARN_INFINITE_RECURSION = YES;
				CLANG_WARN_INT_CONVERSION = YES;
				CLANG_WARN_NON_LITERAL_NULL_CONVERSION = YES;
				CLANG_WARN_OBJC_IMPLICIT_RETAIN_SELF = YES;
				CLANG_WARN_OBJC_LITERAL_CONVERSION = YES;
				CLANG_WARN_OBJC_ROOT_CLASS = YES_ERROR;
				CLANG_WARN_QUOTED_INCLUDE_IN_FRAMEWORK_HEADER = YES;
				CLANG_WARN_RANGE_LOOP_ANALYSIS = YES;
				CLANG_WARN_STRICT_PROTOTYPES = YES;
				CLANG_WARN_SUSPICIOUS_MOVE = YES;
				CLANG_WARN_UNGUARDED_AVAILABILITY = YES_AGGRESSIVE;
				CLANG_WARN_UNREACHABLE_CODE = YES;
				CLANG_WARN__DUPLICATE_METHOD_MATCH = YES;
				COPY_PHASE_STRIP = NO;
				DEBUG_INFORMATION_FORMAT = "dwarf-with-dsym";
				ENABLE_NS_ASSERTIONS = NO;
				ENABLE_STRICT_OBJC_MSGSEND = YES;
				GCC_C_LANGUAGE_STANDARD = gnu11;
				GCC_NO_COMMON_BLOCKS = YES;
				GCC_WARN_64_TO_32_BIT_CONVERSION = YES;
				GCC_WARN_ABOUT_RETURN_TYPE = YES_ERROR;
				GCC_WARN_UNDECLARED_SELECTOR = YES;
				GCC_WARN_UNINITIALIZED_AUTOS = YES_AGGRESSIVE;
				GCC_WARN_UNUSED_FUNCTION = YES;
				GCC_WARN_UNUSED_VARIABLE = YES;
				IPHONEOS_DEPLOYMENT_TARGET = 15.0;
				MTL_ENABLE_DEBUG_INFO = NO;
				MTL_FAST_MATH = YES;
				SDKROOT = iphoneos;
				SWIFT_COMPILATION_MODE = wholemodule;
				SWIFT_OPTIMIZATION_LEVEL = "-O";
				VALIDATE_PRODUCT = YES;
			};
			name = Release;
		};
		A024F6ED27928E8100082E62 /* Debug */ = {
			isa = XCBuildConfiguration;
			buildSettings = {
				ASSETCATALOG_COMPILER_APPICON_NAME = AppIcon;
				ASSETCATALOG_COMPILER_GLOBAL_ACCENT_COLOR_NAME = AccentColor;
				CODE_SIGN_STYLE = Automatic;
				CURRENT_PROJECT_VERSION = 1;
				DEVELOPMENT_TEAM = RNLJNFX7TQ;
				GENERATE_INFOPLIST_FILE = YES;
				INFOPLIST_FILE = "Locus's Weather/Info.plist";
				INFOPLIST_KEY_UIApplicationSupportsIndirectInputEvents = YES;
				INFOPLIST_KEY_UILaunchStoryboardName = LaunchScreen;
				INFOPLIST_KEY_UIMainStoryboardFile = Main;
				INFOPLIST_KEY_UISupportedInterfaceOrientations_iPad = "UIInterfaceOrientationPortrait UIInterfaceOrientationPortraitUpsideDown UIInterfaceOrientationLandscapeLeft UIInterfaceOrientationLandscapeRight";
				INFOPLIST_KEY_UISupportedInterfaceOrientations_iPhone = "UIInterfaceOrientationPortrait UIInterfaceOrientationLandscapeLeft UIInterfaceOrientationLandscapeRight";
				LD_RUNPATH_SEARCH_PATHS = (
					"$(inherited)",
					"@executable_path/Frameworks",
				);
				MARKETING_VERSION = 1.0;
				PRODUCT_BUNDLE_IDENTIFIER = "com.POC.Locus-s-Weather";
				PRODUCT_NAME = "$(TARGET_NAME)";
				SWIFT_EMIT_LOC_STRINGS = YES;
				SWIFT_VERSION = 5.0;
				TARGETED_DEVICE_FAMILY = "1,2";
			};
			name = Debug;
		};
		A024F6EE27928E8100082E62 /* Release */ = {
			isa = XCBuildConfiguration;
			buildSettings = {
				ASSETCATALOG_COMPILER_APPICON_NAME = AppIcon;
				ASSETCATALOG_COMPILER_GLOBAL_ACCENT_COLOR_NAME = AccentColor;
				CODE_SIGN_STYLE = Automatic;
				CURRENT_PROJECT_VERSION = 1;
				DEVELOPMENT_TEAM = RNLJNFX7TQ;
				GENERATE_INFOPLIST_FILE = YES;
				INFOPLIST_FILE = "Locus's Weather/Info.plist";
				INFOPLIST_KEY_UIApplicationSupportsIndirectInputEvents = YES;
				INFOPLIST_KEY_UILaunchStoryboardName = LaunchScreen;
				INFOPLIST_KEY_UIMainStoryboardFile = Main;
				INFOPLIST_KEY_UISupportedInterfaceOrientations_iPad = "UIInterfaceOrientationPortrait UIInterfaceOrientationPortraitUpsideDown UIInterfaceOrientationLandscapeLeft UIInterfaceOrientationLandscapeRight";
				INFOPLIST_KEY_UISupportedInterfaceOrientations_iPhone = "UIInterfaceOrientationPortrait UIInterfaceOrientationLandscapeLeft UIInterfaceOrientationLandscapeRight";
				LD_RUNPATH_SEARCH_PATHS = (
					"$(inherited)",
					"@executable_path/Frameworks",
				);
				MARKETING_VERSION = 1.0;
				PRODUCT_BUNDLE_IDENTIFIER = "com.POC.Locus-s-Weather";
				PRODUCT_NAME = "$(TARGET_NAME)";
				SWIFT_EMIT_LOC_STRINGS = YES;
				SWIFT_VERSION = 5.0;
				TARGETED_DEVICE_FAMILY = "1,2";
			};
			name = Release;
		};
		A024F6F027928E8100082E62 /* Debug */ = {
			isa = XCBuildConfiguration;
			buildSettings = {
				ALWAYS_EMBED_SWIFT_STANDARD_LIBRARIES = YES;
				BUNDLE_LOADER = "$(TEST_HOST)";
				CODE_SIGN_STYLE = Automatic;
				CURRENT_PROJECT_VERSION = 1;
				DEVELOPMENT_TEAM = RNLJNFX7TQ;
				GENERATE_INFOPLIST_FILE = YES;
				IPHONEOS_DEPLOYMENT_TARGET = 15.0;
				LD_RUNPATH_SEARCH_PATHS = (
					"$(inherited)",
					"@executable_path/Frameworks",
					"@loader_path/Frameworks",
				);
				MARKETING_VERSION = 1.0;
				PRODUCT_BUNDLE_IDENTIFIER = "com.POC.Locus-s-WeatherTests";
				PRODUCT_NAME = "$(TARGET_NAME)";
				SWIFT_EMIT_LOC_STRINGS = NO;
				SWIFT_VERSION = 5.0;
				TARGETED_DEVICE_FAMILY = "1,2";
				TEST_HOST = "$(BUILT_PRODUCTS_DIR)/Locus's Weather.app/Locus's Weather";
			};
			name = Debug;
		};
		A024F6F127928E8100082E62 /* Release */ = {
			isa = XCBuildConfiguration;
			buildSettings = {
				ALWAYS_EMBED_SWIFT_STANDARD_LIBRARIES = YES;
				BUNDLE_LOADER = "$(TEST_HOST)";
				CODE_SIGN_STYLE = Automatic;
				CURRENT_PROJECT_VERSION = 1;
				DEVELOPMENT_TEAM = RNLJNFX7TQ;
				GENERATE_INFOPLIST_FILE = YES;
				IPHONEOS_DEPLOYMENT_TARGET = 15.0;
				LD_RUNPATH_SEARCH_PATHS = (
					"$(inherited)",
					"@executable_path/Frameworks",
					"@loader_path/Frameworks",
				);
				MARKETING_VERSION = 1.0;
				PRODUCT_BUNDLE_IDENTIFIER = "com.POC.Locus-s-WeatherTests";
				PRODUCT_NAME = "$(TARGET_NAME)";
				SWIFT_EMIT_LOC_STRINGS = NO;
				SWIFT_VERSION = 5.0;
				TARGETED_DEVICE_FAMILY = "1,2";
				TEST_HOST = "$(BUILT_PRODUCTS_DIR)/Locus's Weather.app/Locus's Weather";
			};
			name = Release;
		};
		A024F6F327928E8100082E62 /* Debug */ = {
			isa = XCBuildConfiguration;
			buildSettings = {
				ALWAYS_EMBED_SWIFT_STANDARD_LIBRARIES = YES;
				CODE_SIGN_STYLE = Automatic;
				CURRENT_PROJECT_VERSION = 1;
				DEVELOPMENT_TEAM = RNLJNFX7TQ;
				GENERATE_INFOPLIST_FILE = YES;
				LD_RUNPATH_SEARCH_PATHS = (
					"$(inherited)",
					"@executable_path/Frameworks",
					"@loader_path/Frameworks",
				);
				MARKETING_VERSION = 1.0;
				PRODUCT_BUNDLE_IDENTIFIER = "com.POC.Locus-s-WeatherUITests";
				PRODUCT_NAME = "$(TARGET_NAME)";
				SWIFT_EMIT_LOC_STRINGS = NO;
				SWIFT_VERSION = 5.0;
				TARGETED_DEVICE_FAMILY = "1,2";
				TEST_TARGET_NAME = "Locus's Weather";
			};
			name = Debug;
		};
		A024F6F427928E8100082E62 /* Release */ = {
			isa = XCBuildConfiguration;
			buildSettings = {
				ALWAYS_EMBED_SWIFT_STANDARD_LIBRARIES = YES;
				CODE_SIGN_STYLE = Automatic;
				CURRENT_PROJECT_VERSION = 1;
				DEVELOPMENT_TEAM = RNLJNFX7TQ;
				GENERATE_INFOPLIST_FILE = YES;
				LD_RUNPATH_SEARCH_PATHS = (
					"$(inherited)",
					"@executable_path/Frameworks",
					"@loader_path/Frameworks",
				);
				MARKETING_VERSION = 1.0;
				PRODUCT_BUNDLE_IDENTIFIER = "com.POC.Locus-s-WeatherUITests";
				PRODUCT_NAME = "$(TARGET_NAME)";
				SWIFT_EMIT_LOC_STRINGS = NO;
				SWIFT_VERSION = 5.0;
				TARGETED_DEVICE_FAMILY = "1,2";
				TEST_TARGET_NAME = "Locus's Weather";
			};
			name = Release;
		};
/* End XCBuildConfiguration section */

/* Begin XCConfigurationList section */
		A024F6BD27928E7D00082E62 /* Build configuration list for PBXProject "Locus's Weather" */ = {
			isa = XCConfigurationList;
			buildConfigurations = (
				A024F6EA27928E8100082E62 /* Debug */,
				A024F6EB27928E8100082E62 /* Release */,
			);
			defaultConfigurationIsVisible = 0;
			defaultConfigurationName = Release;
		};
		A024F6EC27928E8100082E62 /* Build configuration list for PBXNativeTarget "Locus's Weather" */ = {
			isa = XCConfigurationList;
			buildConfigurations = (
				A024F6ED27928E8100082E62 /* Debug */,
				A024F6EE27928E8100082E62 /* Release */,
			);
			defaultConfigurationIsVisible = 0;
			defaultConfigurationName = Release;
		};
		A024F6EF27928E8100082E62 /* Build configuration list for PBXNativeTarget "Locus's WeatherTests" */ = {
			isa = XCConfigurationList;
			buildConfigurations = (
				A024F6F027928E8100082E62 /* Debug */,
				A024F6F127928E8100082E62 /* Release */,
			);
			defaultConfigurationIsVisible = 0;
			defaultConfigurationName = Release;
		};
		A024F6F227928E8100082E62 /* Build configuration list for PBXNativeTarget "Locus's WeatherUITests" */ = {
			isa = XCConfigurationList;
			buildConfigurations = (
				A024F6F327928E8100082E62 /* Debug */,
				A024F6F427928E8100082E62 /* Release */,
			);
			defaultConfigurationIsVisible = 0;
			defaultConfigurationName = Release;
		};
/* End XCConfigurationList section */
	};
	rootObject = A024F6BA27928E7D00082E62 /* Project object */;
}
